
Microsoft Visual Studio Solution File, Format Version 12.00
# Visual Studio Version 16
VisualStudioVersion = 16.0.31105.61
MinimumVisualStudioVersion = 10.0.40219.1
Project("{FAE04EC0-301F-11D3-BF4B-00C04F79EFBC}") = "Futbol.Consola", "Futbol.Consola\Futbol.Consola.csproj", "{D07B0B86-9C78-4E32-853B-5F588CE6CE5C}"
EndProject
Project("{FAE04EC0-301F-11D3-BF4B-00C04F79EFBC}") = "Futbol.Libreria", "Futbol.Libreria\Futbol.Libreria.csproj", "{82993E47-DE01-4714-A23B-F8EA5C59502C}"
EndProject
Global
	GlobalSection(SolutionConfigurationPlatforms) = preSolution
		Debug|Any CPU = Debug|Any CPU
		Release|Any CPU = Release|Any CPU
	EndGlobalSection
	GlobalSection(ProjectConfigurationPlatforms) = postSolution
		{D07B0B86-9C78-4E32-853B-5F588CE6CE5C}.Debug|Any CPU.ActiveCfg = Debug|Any CPU
		{D07B0B86-9C78-4E32-853B-5F588CE6CE5C}.Debug|Any CPU.Build.0 = Debug|Any CPU
		{D07B0B86-9C78-4E32-853B-5F588CE6CE5C}.Release|Any CPU.ActiveCfg = Release|Any CPU
		{D07B0B86-9C78-4E32-853B-5F588CE6CE5C}.Release|Any CPU.Build.0 = Release|Any CPU
		{82993E47-DE01-4714-A23B-F8EA5C59502C}.Debug|Any CPU.ActiveCfg = Debug|Any CPU
		{82993E47-DE01-4714-A23B-F8EA5C59502C}.Debug|Any CPU.Build.0 = Debug|Any CPU
		{82993E47-DE01-4714-A23B-F8EA5C59502C}.Release|Any CPU.ActiveCfg = Release|Any CPU
		{82993E47-DE01-4714-A23B-F8EA5C59502C}.Release|Any CPU.Build.0 = Release|Any CPU
	EndGlobalSection
	GlobalSection(SolutionProperties) = preSolution
		HideSolutionNode = FALSE
	EndGlobalSection
	GlobalSection(ExtensibilityGlobals) = postSolution
		SolutionGuid = {FC87A7CC-291D-4597-AF6A-4493BE587347}
	EndGlobalSection
EndGlobal
